
Microsoft Visual Studio Solution File, Format Version 12.00
# Visual Studio 15
Project("{FAE04EC0-301F-11D3-BF4B-00C04F79EFBC}") = "ScriptableObject-Architecture", "ScriptableObject-Architecture.csproj", "{C22BF277-062B-F0F9-8BFA-75EC0A45A61A}"
EndProject
Project("{FAE04EC0-301F-11D3-BF4B-00C04F79EFBC}") = "Assembly-CSharp", "Assembly-CSharp.csproj", "{24CDC6B5-01F3-AFB6-8FAD-633F2EEA9CB1}"
EndProject
Project("{FAE04EC0-301F-11D3-BF4B-00C04F79EFBC}") = "ScriptableObject-Architecture.Editor", "ScriptableObject-Architecture.Editor.csproj", "{0ACDCC84-56A2-DA3F-085A-5AC333482E41}"
EndProject
Global
	GlobalSection(SolutionConfigurationPlatforms) = preSolution
		Debug|Any CPU = Debug|Any CPU
		Release|Any CPU = Release|Any CPU
	EndGlobalSection
	GlobalSection(ProjectConfigurationPlatforms) = postSolution
		{C22BF277-062B-F0F9-8BFA-75EC0A45A61A}.Debug|Any CPU.ActiveCfg = Debug|Any CPU
		{C22BF277-062B-F0F9-8BFA-75EC0A45A61A}.Debug|Any CPU.Build.0 = Debug|Any CPU
		{C22BF277-062B-F0F9-8BFA-75EC0A45A61A}.Release|Any CPU.ActiveCfg = Release|Any CPU
		{C22BF277-062B-F0F9-8BFA-75EC0A45A61A}.Release|Any CPU.Build.0 = Release|Any CPU
		{24CDC6B5-01F3-AFB6-8FAD-633F2EEA9CB1}.Debug|Any CPU.ActiveCfg = Debug|Any CPU
		{24CDC6B5-01F3-AFB6-8FAD-633F2EEA9CB1}.Debug|Any CPU.Build.0 = Debug|Any CPU
		{24CDC6B5-01F3-AFB6-8FAD-633F2EEA9CB1}.Release|Any CPU.ActiveCfg = Release|Any CPU
		{24CDC6B5-01F3-AFB6-8FAD-633F2EEA9CB1}.Release|Any CPU.Build.0 = Release|Any CPU
		{0ACDCC84-56A2-DA3F-085A-5AC333482E41}.Debug|Any CPU.ActiveCfg = Debug|Any CPU
		{0ACDCC84-56A2-DA3F-085A-5AC333482E41}.Debug|Any CPU.Build.0 = Debug|Any CPU
		{0ACDCC84-56A2-DA3F-085A-5AC333482E41}.Release|Any CPU.ActiveCfg = Release|Any CPU
		{0ACDCC84-56A2-DA3F-085A-5AC333482E41}.Release|Any CPU.Build.0 = Release|Any CPU
	EndGlobalSection
	GlobalSection(SolutionProperties) = preSolution
		HideSolutionNode = FALSE
	EndGlobalSection
EndGlobal
